{
  "name": "yuceltoluyag.github.io",
  "lockfileVersion": 3,
  "requires": true,
  "packages": {
    "": {
      "dependencies": {
        "lightningcss": "^1.30.2",
        "lightningcss-cli": "^1.30.2"
      }
    },
    "node_modules/detect-libc": {
      "version": "2.1.2",
      "resolved": "https://registry.npmjs.org/detect-libc/-/detect-libc-2.1.2.tgz",
      "integrity": "sha512-Btj2BOOO83o3WyH59e8MgXsxEQVcarkUOpEYrubB0urwnN10yQ364rsiByU11nZlqWYZm05i/of7io4mzihBtQ==",
      "license": "Apache-2.0",
      "engines": {
        "node": ">=8"
      }
    },
    "node_modules/lightningcss": {
      "version": "1.30.2",
      "resolved": "https://registry.npmjs.org/lightningcss/-/lightningcss-1.30.2.tgz",
      "integrity": "sha512-utfs7Pr5uJyyvDETitgsaqSyjCb2qNRAtuqUeWIAKztsOYdcACf2KtARYXg2pSvhkt+9NfoaNY7fxjl6nuMjIQ==",
      "license": "MPL-2.0",
      "dependencies": {
        "detect-libc": "^2.0.3"
      },
      "engines": {
        "node": ">= 12.0.0"
      },
      "funding": {
        "type": "opencollective",
        "url": "https://opencollective.com/parcel"
      },
      "optionalDependencies": {
        "lightningcss-android-arm64": "1.30.2",
        "lightningcss-darwin-arm64": "1.30.2",
        "lightningcss-darwin-x64": "1.30.2",
        "lightningcss-freebsd-x64": "1.30.2",
        "lightningcss-linux-arm-gnueabihf": "1.30.2",
        "lightningcss-linux-arm64-gnu": "1.30.2",
        "lightningcss-linux-arm64-musl": "1.30.2",
        "lightningcss-linux-x64-gnu": "1.30.2",
        "lightningcss-linux-x64-musl": "1.30.2",
        "lightningcss-win32-arm64-msvc": "1.30.2",
        "lightningcss-win32-x64-msvc": "1.30.2"
      }
    },
    "node_modules/lightningcss-android-arm64": {
      "version": "1.30.2",
      "resolved": "https://registry.npmjs.org/lightningcss-android-arm64/-/lightningcss-android-arm64-1.30.2.tgz",
      "integrity": "sha512-BH9sEdOCahSgmkVhBLeU7Hc9DWeZ1Eb6wNS6Da8igvUwAe0sqROHddIlvU06q3WyXVEOYDZ6ykBZQnjTbmo4+A==",
      "cpu": [
        "arm64"
      ],
      "license": "MPL-2.0",
      "optional": true,
      "os": [
        "android"
      ],
      "engines": {
        "node": ">= 12.0.0"
      },
      "funding": {
        "type": "opencollective",
        "url": "https://opencollective.com/parcel"
      }
    },
    "node_modules/lightningcss-cli": {
      "version": "1.30.2",
      "resolved": "https://registry.npmjs.org/lightningcss-cli/-/lightningcss-cli-1.30.2.tgz",
      "integrity": "sha512-vTm/775SqvQ74T0y4twiqjopXV6SnAFguuRpnbKUE9aXxqJGxWJoHS77ZRkJj3dKmnD61ejOawg3FBiTT8/3Tw==",
      "hasInstallScript": true,
      "license": "MPL-2.0",
      "dependencies": {
        "detect-libc": "^2.0.3"
      },
      "bin": {
        "lightningcss": "lightningcss"
      },
      "engines": {
        "node": ">= 12.0.0"
      },
      "funding": {
        "type": "opencollective",
        "url": "https://opencollective.com/parcel"
      },
      "optionalDependencies": {
        "lightningcss-cli-android-arm64": "1.30.2",
        "lightningcss-cli-darwin-arm64": "1.30.2",
        "lightningcss-cli-darwin-x64": "1.30.2",
        "lightningcss-cli-freebsd-x64": "1.30.2",
        "lightningcss-cli-linux-arm-gnueabihf": "1.30.2",
        "lightningcss-cli-linux-arm64-gnu": "1.30.2",
        "lightningcss-cli-linux-arm64-musl": "1.30.2",
        "lightningcss-cli-linux-x64-gnu": "1.30.2",
        "lightningcss-cli-linux-x64-musl": "1.30.2",
        "lightningcss-cli-win32-arm64-msvc": "1.30.2",
        "lightningcss-cli-win32-x64-msvc": "1.30.2"
      }
    },
    "node_modules/lightningcss-cli-android-arm64": {
      "version": "1.30.2",
      "resolved": "https://registry.npmjs.org/lightningcss-cli-android-arm64/-/lightningcss-cli-android-arm64-1.30.2.tgz",
      "integrity": "sha512-CcntRK9yNjFRiZKwW9m4sf5WYYNOGxlD4ROymyIb+KPbsrEBAZSaknoUM1aIhuhvB/TUTtVmPKvt/Zu0LeSR7g==",
      "cpu": [
        "arm64"
      ],
      "license": "MPL-2.0",
      "optional": true,
      "os": [
        "android"
      ],
      "engines": {
        "node": ">= 12.0.0"
      },
      "funding": {
        "type": "opencollective",
        "url": "https://opencollective.com/parcel"
      }
    },
    "node_modules/lightningcss-cli-darwin-arm64": {
      "version": "1.30.2",
      "resolved": "https://registry.npmjs.org/lightningcss-cli-darwin-arm64/-/lightningcss-cli-darwin-arm64-1.30.2.tgz",
      "integrity": "sha512-Z2STTSes07R2R5tOPY85HipU+z1SwUBV2Yp5emAcqL+o5RsOAE1JWbkloQWa++8R6b/gxzD11VPM3WtCCqL8Gg==",
      "cpu": [
        "arm64"
      ],
      "license": "MPL-2.0",
      "optional": true,
      "os": [
        "darwin"
      ],
      "engines": {
        "node": ">= 12.0.0"
      },
      "funding": {
        "type": "opencollective",
        "url": "https://opencollective.com/parcel"
      }
    },
    "node_modules/lightningcss-cli-darwin-x64": {
      "version": "1.30.2",
      "resolved": "https://registry.npmjs.org/lightningcss-cli-darwin-x64/-/lightningcss-cli-darwin-x64-1.30.2.tgz",
      "integrity": "sha512-N0IGWWsLnv81sDw9i/vvaisp55uDnhoapGBEJ8lMED064CsUHpLCK7L/5B8kFj8UI97zL+xb7KTTGOHkcC8skg==",
      "cpu": [
        "x64"
      ],
      "license": "MPL-2.0",
      "optional": true,
      "os": [
        "darwin"
      ],
      "engines": {
        "node": ">= 12.0.0"
      },
      "funding": {
        "type": "opencollective",
        "url": "https://opencollective.com/parcel"
      }
    },
    "node_modules/lightningcss-cli-freebsd-x64": {
      "version": "1.30.2",
      "resolved": "https://registry.npmjs.org/lightningcss-cli-freebsd-x64/-/lightningcss-cli-freebsd-x64-1.30.2.tgz",
      "integrity": "sha512-17pN+hnxU2fPOGhGzMhPf2KZrIFFwEtrIZYshGDM/jhskJmDq57DAt5esh7PVDUjNkD7JDt3a7E9xJEVltc2Kg==",
      "cpu": [
        "x64"
      ],
      "license": "MPL-2.0",
      "optional": true,
      "os": [
        "freebsd"
      ],
      "engines": {
        "node": ">= 12.0.0"
      },
      "funding": {
        "type": "opencollective",
        "url": "https://opencollective.com/parcel"
      }
    },
    "node_modules/lightningcss-cli-linux-arm-gnueabihf": {
      "version": "1.30.2",
      "resolved": "https://registry.npmjs.org/lightningcss-cli-linux-arm-gnueabihf/-/lightningcss-cli-linux-arm-gnueabihf-1.30.2.tgz",
      "integrity": "sha512-aaeEtZXqvNWDyHYCThugev1YPGlouvY9lE+o9QJg/Z5GTNb/1EM2TaTBGEwdG5m1ChYukc2lD5CPIEHjQ7qzSA==",
      "cpu": [
        "arm"
      ],
      "license": "MPL-2.0",
      "optional": true,
      "os": [
        "linux"
      ],
      "engines": {
        "node": ">= 12.0.0"
      },
      "funding": {
        "type": "opencollective",
        "url": "https://opencollective.com/parcel"
      }
    },
    "node_modules/lightningcss-cli-linux-arm64-gnu": {
      "version": "1.30.2",
      "resolved": "https://registry.npmjs.org/lightningcss-cli-linux-arm64-gnu/-/lightningcss-cli-linux-arm64-gnu-1.30.2.tgz",
      "integrity": "sha512-XhgByx2H85MeEWGtI0XR+ugtQRBc/bvRN8gSGdXa3YqVONmACsLj7shatVHmqVOaPgtnevKVKl7wtqfN9pW96A==",
      "cpu": [
        "arm64"
      ],
      "license": "MPL-2.0",
      "optional": true,
      "os": [
        "linux"
      ],
      "engines": {
        "node": ">= 12.0.0"
      },
      "funding": {
        "type": "opencollective",
        "url": "https://opencollective.com/parcel"
      }
    },
    "node_modules/lightningcss-cli-linux-arm64-musl": {
      "version": "1.30.2",
      "resolved": "https://registry.npmjs.org/lightningcss-cli-linux-arm64-musl/-/lightningcss-cli-linux-arm64-musl-1.30.2.tgz",
      "integrity": "sha512-UR7/N/33b8sG9e07TccxJvWxvNdlMFglesdgv1fi+wMa8sbN3tBPXOGj67B5nlVWHskYD9bHLPahemRWxnNuHQ==",
      "cpu": [
        "arm64"
      ],
      "license": "MPL-2.0",
      "optional": true,
      "os": [
        "linux"
      ],
      "engines": {
        "node": ">= 12.0.0"
      },
      "funding": {
        "type": "opencollective",
        "url": "https://opencollective.com/parcel"
      }
    },
    "node_modules/lightningcss-cli-linux-x64-gnu": {
      "version": "1.30.2",
      "resolved": "https://registry.npmjs.org/lightningcss-cli-linux-x64-gnu/-/lightningcss-cli-linux-x64-gnu-1.30.2.tgz",
      "integrity": "sha512-W6U9LNo+4mCsEB22AIvtRVGp8NETN4by9U2AIRDzZbYZYb7W9+1H56xKzb/2ABQEAoDrh/7027I/XDheuGrlZg==",
      "cpu": [
        "x64"
      ],
      "license": "MPL-2.0",
      "optional": true,
      "os": [
        "linux"
      ],
      "engines": {
        "node": ">= 12.0.0"
      },
      "funding": {
        "type": "opencollective",
        "url": "https://opencollective.com/parcel"
      }
    },
    "node_modules/lightningcss-cli-linux-x64-musl": {
      "version": "1.30.2",
      "resolved": "https://registry.npmjs.org/lightningcss-cli-linux-x64-musl/-/lightningcss-cli-linux-x64-musl-1.30.2.tgz",
      "integrity": "sha512-Qe6hwTXmc37LnKPIyoY20EQgHsVoAeTUF389Bt7sJfK5JZPLm7EyVvqkO4DukCx4Dv4DSskU03o+qT1+s6UeVw==",
      "cpu": [
        "x64"
      ],
      "license": "MPL-2.0",
      "optional": true,
      "os": [
        "linux"
      ],
      "engines": {
        "node": ">= 12.0.0"
      },
      "funding": {
        "type": "opencollective",
        "url": "https://opencollective.com/parcel"
      }
    },
    "node_modules/lightningcss-cli-win32-arm64-msvc": {
      "version": "1.30.2",
      "resolved": "https://registry.npmjs.org/lightningcss-cli-win32-arm64-msvc/-/lightningcss-cli-win32-arm64-msvc-1.30.2.tgz",
      "integrity": "sha512-PZrkKHhYncBRh/Xe2Voa7t7ors+zUMU8hm5qOLgR0W5NfhbwwjLBXa3+fFF+BVdpTeyjLGF1ovzKIWSF1rMN/g==",
      "cpu": [
        "arm64"
      ],
      "license": "MPL-2.0",
      "optional": true,
      "os": [
        "win32"
      ],
      "engines": {
        "node": ">= 12.0.0"
      },
      "funding": {
        "type": "opencollective",
        "url": "https://opencollective.com/parcel"
      }
    },
    "node_modules/lightningcss-cli-win32-x64-msvc": {
      "version": "1.30.2",
      "resolved": "https://registry.npmjs.org/lightningcss-cli-win32-x64-msvc/-/lightningcss-cli-win32-x64-msvc-1.30.2.tgz",
      "integrity": "sha512-5VUIS1Dcbkcy2SDr7vBlKfwpSx2BUlZwmvoRVWA+OkkLsQhVUtLUKheJJXsOFruBn9uV8FH8KPLkvTJzuGFLyQ==",
      "cpu": [
        "x64"
      ],
      "license": "MPL-2.0",
      "optional": true,
      "os": [
        "win32"
      ],
      "engines": {
        "node": ">= 12.0.0"
      },
      "funding": {
        "type": "opencollective",
        "url": "https://opencollective.com/parcel"
      }
    },
    "node_modules/lightningcss-darwin-arm64": {
      "version": "1.30.2",
      "resolved": "https://registry.npmjs.org/lightningcss-darwin-arm64/-/lightningcss-darwin-arm64-1.30.2.tgz",
      "integrity": "sha512-ylTcDJBN3Hp21TdhRT5zBOIi73P6/W0qwvlFEk22fkdXchtNTOU4Qc37SkzV+EKYxLouZ6M4LG9NfZ1qkhhBWA==",
      "cpu": [
        "arm64"
      ],
      "license": "MPL-2.0",
      "optional": true,
      "os": [
        "darwin"
      ],
      "engines": {
        "node": ">= 12.0.0"
      },
      "funding": {
        "type": "opencollective",
        "url": "https://opencollective.com/parcel"
      }
    },
    "node_modules/lightningcss-darwin-x64": {
      "version": "1.30.2",
      "resolved": "https://registry.npmjs.org/lightningcss-darwin-x64/-/lightningcss-darwin-x64-1.30.2.tgz",
      "integrity": "sha512-oBZgKchomuDYxr7ilwLcyms6BCyLn0z8J0+ZZmfpjwg9fRVZIR5/GMXd7r9RH94iDhld3UmSjBM6nXWM2TfZTQ==",
      "cpu": [
        "x64"
      ],
      "license": "MPL-2.0",
      "optional": true,
      "os": [
        "darwin"
      ],
      "engines": {
        "node": ">= 12.0.0"
      },
      "funding": {
        "type": "opencollective",
        "url": "https://opencollective.com/parcel"
      }
    },
    "node_modules/lightningcss-freebsd-x64": {
      "version": "1.30.2",
      "resolved": "https://registry.npmjs.org/lightningcss-freebsd-x64/-/lightningcss-freebsd-x64-1.30.2.tgz",
      "integrity": "sha512-c2bH6xTrf4BDpK8MoGG4Bd6zAMZDAXS569UxCAGcA7IKbHNMlhGQ89eRmvpIUGfKWNVdbhSbkQaWhEoMGmGslA==",
      "cpu": [
        "x64"
      ],
      "license": "MPL-2.0",
      "optional": true,
      "os": [
        "freebsd"
      ],
      "engines": {
        "node": ">= 12.0.0"
      },
      "funding": {
        "type": "opencollective",
        "url": "https://opencollective.com/parcel"
      }
    },
    "node_modules/lightningcss-linux-arm-gnueabihf": {
      "version": "1.30.2",
      "resolved": "https://registry.npmjs.org/lightningcss-linux-arm-gnueabihf/-/lightningcss-linux-arm-gnueabihf-1.30.2.tgz",
      "integrity": "sha512-eVdpxh4wYcm0PofJIZVuYuLiqBIakQ9uFZmipf6LF/HRj5Bgm0eb3qL/mr1smyXIS1twwOxNWndd8z0E374hiA==",
      "cpu": [
        "arm"
      ],
      "license": "MPL-2.0",
      "optional": true,
      "os": [
        "linux"
      ],
      "engines": {
        "node": ">= 12.0.0"
      },
      "funding": {
        "type": "opencollective",
        "url": "https://opencollective.com/parcel"
      }
    },
    "node_modules/lightningcss-linux-arm64-gnu": {
      "version": "1.30.2",
      "resolved": "https://registry.npmjs.org/lightningcss-linux-arm64-gnu/-/lightningcss-linux-arm64-gnu-1.30.2.tgz",
      "integrity": "sha512-UK65WJAbwIJbiBFXpxrbTNArtfuznvxAJw4Q2ZGlU8kPeDIWEX1dg3rn2veBVUylA2Ezg89ktszWbaQnxD/e3A==",
      "cpu": [
        "arm64"
      ],
      "license": "MPL-2.0",
      "optional": true,
      "os": [
        "linux"
      ],
      "engines": {
        "node": ">= 12.0.0"
      },
      "funding": {
        "type": "opencollective",
        "url": "https://opencollective.com/parcel"
      }
    },
    "node_modules/lightningcss-linux-arm64-musl": {
      "version": "1.30.2",
      "resolved": "https://registry.npmjs.org/lightningcss-linux-arm64-musl/-/lightningcss-linux-arm64-musl-1.30.2.tgz",
      "integrity": "sha512-5Vh9dGeblpTxWHpOx8iauV02popZDsCYMPIgiuw97OJ5uaDsL86cnqSFs5LZkG3ghHoX5isLgWzMs+eD1YzrnA==",
      "cpu": [
        "arm64"
      ],
      "license": "MPL-2.0",
      "optional": true,
      "os": [
        "linux"
      ],
      "engines": {
        "node": ">= 12.0.0"
      },
      "funding": {
        "type": "opencollective",
        "url": "https://opencollective.com/parcel"
      }
    },
    "node_modules/lightningcss-linux-x64-gnu": {
      "version": "1.30.2",
      "resolved": "https://registry.npmjs.org/lightningcss-linux-x64-gnu/-/lightningcss-linux-x64-gnu-1.30.2.tgz",
      "integrity": "sha512-Cfd46gdmj1vQ+lR6VRTTadNHu6ALuw2pKR9lYq4FnhvgBc4zWY1EtZcAc6EffShbb1MFrIPfLDXD6Xprbnni4w==",
      "cpu": [
        "x64"
      ],
      "license": "MPL-2.0",
      "optional": true,
      "os": [
        "linux"
      ],
      "engines": {
        "node": ">= 12.0.0"
      },
      "funding": {
        "type": "opencollective",
        "url": "https://opencollective.com/parcel"
      }
    },
    "node_modules/lightningcss-linux-x64-musl": {
      "version": "1.30.2",
      "resolved": "https://registry.npmjs.org/lightningcss-linux-x64-musl/-/lightningcss-linux-x64-musl-1.30.2.tgz",
      "integrity": "sha512-XJaLUUFXb6/QG2lGIW6aIk6jKdtjtcffUT0NKvIqhSBY3hh9Ch+1LCeH80dR9q9LBjG3ewbDjnumefsLsP6aiA==",
      "cpu": [
        "x64"
      ],
      "license": "MPL-2.0",
      "optional": true,
      "os": [
        "linux"
      ],
      "engines": {
        "node": ">= 12.0.0"
      },
      "funding": {
        "type": "opencollective",
        "url": "https://opencollective.com/parcel"
      }
    },
    "node_modules/lightningcss-win32-arm64-msvc": {
      "version": "1.30.2",
      "resolved": "https://registry.npmjs.org/lightningcss-win32-arm64-msvc/-/lightningcss-win32-arm64-msvc-1.30.2.tgz",
      "integrity": "sha512-FZn+vaj7zLv//D/192WFFVA0RgHawIcHqLX9xuWiQt7P0PtdFEVaxgF9rjM/IRYHQXNnk61/H/gb2Ei+kUQ4xQ==",
      "cpu": [
        "arm64"
      ],
      "license": "MPL-2.0",
      "optional": true,
      "os": [
        "win32"
      ],
      "engines": {
        "node": ">= 12.0.0"
      },
      "funding": {
        "type": "opencollective",
        "url": "https://opencollective.com/parcel"
      }
    },
    "node_modules/lightningcss-win32-x64-msvc": {
      "version": "1.30.2",
      "resolved": "https://registry.npmjs.org/lightningcss-win32-x64-msvc/-/lightningcss-win32-x64-msvc-1.30.2.tgz",
      "integrity": "sha512-5g1yc73p+iAkid5phb4oVFMB45417DkRevRbt/El/gKXJk4jid+vPFF/AXbxn05Aky8PapwzZrdJShv5C0avjw==",
      "cpu": [
        "x64"
      ],
      "license": "MPL-2.0",
      "optional": true,
      "os": [
        "win32"
      ],
      "engines": {
        "node": ">= 12.0.0"
      },
      "funding": {
        "type": "opencollective",
        "url": "https://opencollective.com/parcel"
      }
    }
  }
}
